
Microsoft Visual Studio Solution File, Format Version 11.00
# Visual Studio 2010
Project("{8BC9CEB8-8B4A-11D0-8D11-00A0C91BC942}") = "Client", "Client.vcxproj", "{74CEF364-1DA0-B114-AEB2-E56141C6FF91}"
	ProjectSection(ProjectDependencies) = postProject
		{F75CFE3C-2CBC-EB55-1832-E8BEEAFB192F} = {F75CFE3C-2CBC-EB55-1832-E8BEEAFB192F}
		{033EBA5C-5D1C-587C-F1C3-E91625A08353} = {033EBA5C-5D1C-587C-F1C3-E91625A08353}
		{B1A67ABD-B008-2FEC-060D-7D0D633CA239} = {B1A67ABD-B008-2FEC-060D-7D0D633CA239}
		{857AD97B-4538-19E1-526B-668F0D6E8BED} = {857AD97B-4538-19E1-526B-668F0D6E8BED}
		{5E61469D-3EAE-29E6-5336-5E6B409500F3} = {5E61469D-3EAE-29E6-5336-5E6B409500F3}
	EndProjectSection
EndProject
Project("{8BC9CEB8-8B4A-11D0-8D11-00A0C91BC942}") = "D3DLib", "D3DLib\D3DLib.vcxproj", "{033EBA5C-5D1C-587C-F1C3-E91625A08353}"
EndProject
Project("{8BC9CEB8-8B4A-11D0-8D11-00A0C91BC942}") = "DEUtil", "DEUtil\DEUtil.vcxproj", "{5E61469D-3EAE-29E6-5336-5E6B409500F3}"
EndProject
Project("{8BC9CEB8-8B4A-11D0-8D11-00A0C91BC942}") = "DirectXLib", "DXLib\DXLib.vcxproj", "{F75CFE3C-2CBC-EB55-1832-E8BEEAFB192F}"
EndProject
Project("{8BC9CEB8-8B4A-11D0-8D11-00A0C91BC942}") = "FrameLib", "framelib\FrameLib.vcxproj", "{4D45388E-6EAE-641C-2E57-969933F54156}"
EndProject
Project("{8BC9CEB8-8B4A-11D0-8D11-00A0C91BC942}") = "MZLib", "MZLib\MZLib.vcxproj", "{857AD97B-4538-19E1-526B-668F0D6E8BED}"
EndProject
Project("{8BC9CEB8-8B4A-11D0-8D11-00A0C91BC942}") = "Rar", "..\VS_UI\Rar.vcxproj", "{947B55E5-8CBD-D2B3-4839-950827E9609F}"
EndProject
Project("{8BC9CEB8-8B4A-11D0-8D11-00A0C91BC942}") = "SpriteLib", "SpriteLib\SpriteLib.vcxproj", "{A03FE3B6-E8DF-06CA-3146-813BF251C935}"
EndProject
Project("{8BC9CEB8-8B4A-11D0-8D11-00A0C91BC942}") = "VolumeLib", "VolumeLib\VolumeLib.vcxproj", "{B1A67ABD-B008-2FEC-060D-7D0D633CA239}"
EndProject
Project("{8BC9CEB8-8B4A-11D0-8D11-00A0C91BC942}") = "WinLib", "WinLib\WinLib.vcxproj", "{F4E76CDD-7C35-3CEB-BF4A-80F956868A04}"
EndProject
Project("{8BC9CEB8-8B4A-11D0-8D11-00A0C91BC942}") = "lib", "..\VS_UI\lib.vcxproj", "{6DFC363F-D538-4C58-7BB1-96EFFA1BF190}"
EndProject
Global
	GlobalSection(SolutionConfigurationPlatforms) = preSolution
		Debug|Win32 = Debug|Win32
		Release|Win32 = Release|Win32
		ReleaseLog|Win32 = ReleaseLog|Win32
		Template|Win32 = Template|Win32
	EndGlobalSection
	GlobalSection(ProjectConfigurationPlatforms) = postSolution
		{74CEF364-1DA0-B114-AEB2-E56141C6FF91}.Debug|Win32.ActiveCfg = Release|Win32
		{74CEF364-1DA0-B114-AEB2-E56141C6FF91}.Debug|Win32.Build.0 = Release|Win32
		{74CEF364-1DA0-B114-AEB2-E56141C6FF91}.Release|Win32.ActiveCfg = Release|Win32
		{74CEF364-1DA0-B114-AEB2-E56141C6FF91}.Release|Win32.Build.0 = Release|Win32
		{74CEF364-1DA0-B114-AEB2-E56141C6FF91}.ReleaseLog|Win32.ActiveCfg = ReleaseLog|Win32
		{74CEF364-1DA0-B114-AEB2-E56141C6FF91}.ReleaseLog|Win32.Build.0 = ReleaseLog|Win32
		{74CEF364-1DA0-B114-AEB2-E56141C6FF91}.Template|Win32.ActiveCfg = Release|Win32
		{74CEF364-1DA0-B114-AEB2-E56141C6FF91}.Template|Win32.Build.0 = Release|Win32
		{033EBA5C-5D1C-587C-F1C3-E91625A08353}.Debug|Win32.ActiveCfg = Release|Win32
		{033EBA5C-5D1C-587C-F1C3-E91625A08353}.Debug|Win32.Build.0 = Release|Win32
		{033EBA5C-5D1C-587C-F1C3-E91625A08353}.Release|Win32.ActiveCfg = Release|Win32
		{033EBA5C-5D1C-587C-F1C3-E91625A08353}.Release|Win32.Build.0 = Release|Win32
		{033EBA5C-5D1C-587C-F1C3-E91625A08353}.ReleaseLog|Win32.ActiveCfg = Release|Win32
		{033EBA5C-5D1C-587C-F1C3-E91625A08353}.ReleaseLog|Win32.Build.0 = Release|Win32
		{033EBA5C-5D1C-587C-F1C3-E91625A08353}.Template|Win32.ActiveCfg = Template|Win32
		{033EBA5C-5D1C-587C-F1C3-E91625A08353}.Template|Win32.Build.0 = Template|Win32
		{5E61469D-3EAE-29E6-5336-5E6B409500F3}.Debug|Win32.ActiveCfg = Release|Win32
		{5E61469D-3EAE-29E6-5336-5E6B409500F3}.Debug|Win32.Build.0 = Release|Win32
		{5E61469D-3EAE-29E6-5336-5E6B409500F3}.Release|Win32.ActiveCfg = Release|Win32
		{5E61469D-3EAE-29E6-5336-5E6B409500F3}.Release|Win32.Build.0 = Release|Win32
		{5E61469D-3EAE-29E6-5336-5E6B409500F3}.ReleaseLog|Win32.ActiveCfg = Release|Win32
		{5E61469D-3EAE-29E6-5336-5E6B409500F3}.ReleaseLog|Win32.Build.0 = Release|Win32
		{5E61469D-3EAE-29E6-5336-5E6B409500F3}.Template|Win32.ActiveCfg = Template|Win32
		{5E61469D-3EAE-29E6-5336-5E6B409500F3}.Template|Win32.Build.0 = Template|Win32
		{F75CFE3C-2CBC-EB55-1832-E8BEEAFB192F}.Debug|Win32.ActiveCfg = Release|Win32
		{F75CFE3C-2CBC-EB55-1832-E8BEEAFB192F}.Debug|Win32.Build.0 = Release|Win32
		{F75CFE3C-2CBC-EB55-1832-E8BEEAFB192F}.Release|Win32.ActiveCfg = Release|Win32
		{F75CFE3C-2CBC-EB55-1832-E8BEEAFB192F}.Release|Win32.Build.0 = Release|Win32
		{F75CFE3C-2CBC-EB55-1832-E8BEEAFB192F}.ReleaseLog|Win32.ActiveCfg = Release|Win32
		{F75CFE3C-2CBC-EB55-1832-E8BEEAFB192F}.ReleaseLog|Win32.Build.0 = Release|Win32
		{F75CFE3C-2CBC-EB55-1832-E8BEEAFB192F}.Template|Win32.ActiveCfg = Template|Win32
		{F75CFE3C-2CBC-EB55-1832-E8BEEAFB192F}.Template|Win32.Build.0 = Template|Win32
		{4D45388E-6EAE-641C-2E57-969933F54156}.Debug|Win32.ActiveCfg = Release|Win32
		{4D45388E-6EAE-641C-2E57-969933F54156}.Debug|Win32.Build.0 = Release|Win32
		{4D45388E-6EAE-641C-2E57-969933F54156}.Release|Win32.ActiveCfg = Release|Win32
		{4D45388E-6EAE-641C-2E57-969933F54156}.Release|Win32.Build.0 = Release|Win32
		{4D45388E-6EAE-641C-2E57-969933F54156}.ReleaseLog|Win32.ActiveCfg = Release|Win32
		{4D45388E-6EAE-641C-2E57-969933F54156}.ReleaseLog|Win32.Build.0 = Release|Win32
		{4D45388E-6EAE-641C-2E57-969933F54156}.Template|Win32.ActiveCfg = Template|Win32
		{4D45388E-6EAE-641C-2E57-969933F54156}.Template|Win32.Build.0 = Template|Win32
		{857AD97B-4538-19E1-526B-668F0D6E8BED}.Debug|Win32.ActiveCfg = Release|Win32
		{857AD97B-4538-19E1-526B-668F0D6E8BED}.Debug|Win32.Build.0 = Release|Win32
		{857AD97B-4538-19E1-526B-668F0D6E8BED}.Release|Win32.ActiveCfg = Release|Win32
		{857AD97B-4538-19E1-526B-668F0D6E8BED}.Release|Win32.Build.0 = Release|Win32
		{857AD97B-4538-19E1-526B-668F0D6E8BED}.ReleaseLog|Win32.ActiveCfg = Release|Win32
		{857AD97B-4538-19E1-526B-668F0D6E8BED}.ReleaseLog|Win32.Build.0 = Release|Win32
		{857AD97B-4538-19E1-526B-668F0D6E8BED}.Template|Win32.ActiveCfg = Template|Win32
		{857AD97B-4538-19E1-526B-668F0D6E8BED}.Template|Win32.Build.0 = Template|Win32
		{947B55E5-8CBD-D2B3-4839-950827E9609F}.Debug|Win32.ActiveCfg = Release|Win32
		{947B55E5-8CBD-D2B3-4839-950827E9609F}.Debug|Win32.Build.0 = Release|Win32
		{947B55E5-8CBD-D2B3-4839-950827E9609F}.Release|Win32.ActiveCfg = Release|Win32
		{947B55E5-8CBD-D2B3-4839-950827E9609F}.Release|Win32.Build.0 = Release|Win32
		{947B55E5-8CBD-D2B3-4839-950827E9609F}.ReleaseLog|Win32.ActiveCfg = Release|Win32
		{947B55E5-8CBD-D2B3-4839-950827E9609F}.ReleaseLog|Win32.Build.0 = Release|Win32
		{947B55E5-8CBD-D2B3-4839-950827E9609F}.Template|Win32.ActiveCfg = Template|Win32
		{947B55E5-8CBD-D2B3-4839-950827E9609F}.Template|Win32.Build.0 = Template|Win32
		{A03FE3B6-E8DF-06CA-3146-813BF251C935}.Debug|Win32.ActiveCfg = Release|Win32
		{A03FE3B6-E8DF-06CA-3146-813BF251C935}.Debug|Win32.Build.0 = Release|Win32
		{A03FE3B6-E8DF-06CA-3146-813BF251C935}.Release|Win32.ActiveCfg = Release|Win32
		{A03FE3B6-E8DF-06CA-3146-813BF251C935}.Release|Win32.Build.0 = Release|Win32
		{A03FE3B6-E8DF-06CA-3146-813BF251C935}.ReleaseLog|Win32.ActiveCfg = Release|Win32
		{A03FE3B6-E8DF-06CA-3146-813BF251C935}.ReleaseLog|Win32.Build.0 = Release|Win32
		{A03FE3B6-E8DF-06CA-3146-813BF251C935}.Template|Win32.ActiveCfg = Template|Win32
		{A03FE3B6-E8DF-06CA-3146-813BF251C935}.Template|Win32.Build.0 = Template|Win32
		{B1A67ABD-B008-2FEC-060D-7D0D633CA239}.Debug|Win32.ActiveCfg = Release|Win32
		{B1A67ABD-B008-2FEC-060D-7D0D633CA239}.Debug|Win32.Build.0 = Release|Win32
		{B1A67ABD-B008-2FEC-060D-7D0D633CA239}.Release|Win32.ActiveCfg = Release|Win32
		{B1A67ABD-B008-2FEC-060D-7D0D633CA239}.Release|Win32.Build.0 = Release|Win32
		{B1A67ABD-B008-2FEC-060D-7D0D633CA239}.ReleaseLog|Win32.ActiveCfg = Release|Win32
		{B1A67ABD-B008-2FEC-060D-7D0D633CA239}.ReleaseLog|Win32.Build.0 = Release|Win32
		{B1A67ABD-B008-2FEC-060D-7D0D633CA239}.Template|Win32.ActiveCfg = Template|Win32
		{B1A67ABD-B008-2FEC-060D-7D0D633CA239}.Template|Win32.Build.0 = Template|Win32
		{F4E76CDD-7C35-3CEB-BF4A-80F956868A04}.Debug|Win32.ActiveCfg = Release|Win32
		{F4E76CDD-7C35-3CEB-BF4A-80F956868A04}.Debug|Win32.Build.0 = Release|Win32
		{F4E76CDD-7C35-3CEB-BF4A-80F956868A04}.Release|Win32.ActiveCfg = Release|Win32
		{F4E76CDD-7C35-3CEB-BF4A-80F956868A04}.Release|Win32.Build.0 = Release|Win32
		{F4E76CDD-7C35-3CEB-BF4A-80F956868A04}.ReleaseLog|Win32.ActiveCfg = Release|Win32
		{F4E76CDD-7C35-3CEB-BF4A-80F956868A04}.ReleaseLog|Win32.Build.0 = Release|Win32
		{F4E76CDD-7C35-3CEB-BF4A-80F956868A04}.Template|Win32.ActiveCfg = Template|Win32
		{F4E76CDD-7C35-3CEB-BF4A-80F956868A04}.Template|Win32.Build.0 = Template|Win32
		{6DFC363F-D538-4C58-7BB1-96EFFA1BF190}.Debug|Win32.ActiveCfg = Release|Win32
		{6DFC363F-D538-4C58-7BB1-96EFFA1BF190}.Debug|Win32.Build.0 = Release|Win32
		{6DFC363F-D538-4C58-7BB1-96EFFA1BF190}.Release|Win32.ActiveCfg = Release|Win32
		{6DFC363F-D538-4C58-7BB1-96EFFA1BF190}.Release|Win32.Build.0 = Release|Win32
		{6DFC363F-D538-4C58-7BB1-96EFFA1BF190}.ReleaseLog|Win32.ActiveCfg = Release|Win32
		{6DFC363F-D538-4C58-7BB1-96EFFA1BF190}.ReleaseLog|Win32.Build.0 = Release|Win32
		{6DFC363F-D538-4C58-7BB1-96EFFA1BF190}.Template|Win32.ActiveCfg = Template|Win32
		{6DFC363F-D538-4C58-7BB1-96EFFA1BF190}.Template|Win32.Build.0 = Template|Win32
	EndGlobalSection
	GlobalSection(SolutionProperties) = preSolution
		HideSolutionNode = FALSE
	EndGlobalSection
EndGlobal
