<?xml version="1.0" encoding="utf-8"?>
<Project ToolsVersion="4.0" xmlns="http://schemas.microsoft.com/developer/msbuild/2003">
  <ItemGroup>
    <Filter Include="Source Files">
      <UniqueIdentifier>{cd45be4a-2d36-44b6-bdfc-1c94d46bb9b6}</UniqueIdentifier>
      <Extensions>cpp;c;cxx;rc;def;r;odl;idl;hpj;bat</Extensions>
    </Filter>
    <Filter Include="Header Files">
      <UniqueIdentifier>{6a31abd3-0ea9-4cca-8f8a-f7247734473b}</UniqueIdentifier>
      <Extensions>h;hpp;hxx;hm;inl</Extensions>
    </Filter>
  </ItemGroup>
  <ItemGroup>
    <ClCompile Include="CAnimationFrame.cpp">
      <Filter>Source Files</Filter>
    </ClCompile>
    <ClCompile Include="CAnimationFrameSetManager.cpp">
      <Filter>Source Files</Filter>
    </ClCompile>
    <ClCompile Include="CCreatureFrameSetManager.cpp">
      <Filter>Source Files</Filter>
    </ClCompile>
    <ClCompile Include="CFrame.cpp">
      <Filter>Source Files</Filter>
    </ClCompile>
    <ClCompile Include="CFramePack.cpp">
      <Filter>Source Files</Filter>
    </ClCompile>
    <ClCompile Include="CFrameSetManager.cpp">
      <Filter>Source Files</Filter>
    </ClCompile>
    <ClCompile Include="Frame_PCH.cpp">
      <Filter>Source Files</Filter>
    </ClCompile>
  </ItemGroup>
  <ItemGroup>
    <ClInclude Include="CAnimationFrame.h">
      <Filter>Header Files</Filter>
    </ClInclude>
    <ClInclude Include="CAnimationFrameSetManager.h">
      <Filter>Header Files</Filter>
    </ClInclude>
    <ClInclude Include="CCreatureFrameSetManager.h">
      <Filter>Header Files</Filter>
    </ClInclude>
    <ClInclude Include="CFrame.h">
      <Filter>Header Files</Filter>
    </ClInclude>
    <ClInclude Include="CFramePack.h">
      <Filter>Header Files</Filter>
    </ClInclude>
    <ClInclude Include="CFrameSet.h">
      <Filter>Header Files</Filter>
    </ClInclude>
    <ClInclude Include="CFrameSetManager.h">
      <Filter>Header Files</Filter>
    </ClInclude>
    <ClInclude Include="FR.h">
      <Filter>Header Files</Filter>
    </ClInclude>
    <ClInclude Include="Frame_PCH.h">
      <Filter>Header Files</Filter>
    </ClInclude>
  </ItemGroup>
</Project>