<?xml version="1.0" encoding="utf-8"?>
<Project ToolsVersion="4.0" xmlns="http://schemas.microsoft.com/developer/msbuild/2003">
  <ItemGroup>
    <Filter Include="Source Files">
      <UniqueIdentifier>{b8ebfa25-3dcf-4204-b984-9abf0dd1f809}</UniqueIdentifier>
      <Extensions>cpp;c;cxx;rc;def;r;odl;idl;hpj;bat</Extensions>
    </Filter>
    <Filter Include="Header Files">
      <UniqueIdentifier>{53d280cb-1e6f-4430-ab9e-c4208978e17c}</UniqueIdentifier>
      <Extensions>h;hpp;hxx;hm;inl</Extensions>
    </Filter>
  </ItemGroup>
  <ItemGroup>
    <ClCompile Include="CWinMain.cpp">
      <Filter>Source Files</Filter>
    </ClCompile>
    <ClCompile Include="CWinUpdate.cpp">
      <Filter>Source Files</Filter>
    </ClCompile>
  </ItemGroup>
  <ItemGroup>
    <ClInclude Include="CWinMain.h">
      <Filter>Header Files</Filter>
    </ClInclude>
    <ClInclude Include="CWinMainInfo.h">
      <Filter>Header Files</Filter>
    </ClInclude>
    <ClInclude Include="CWinUpdate.h">
      <Filter>Header Files</Filter>
    </ClInclude>
    <ClInclude Include="WinLib.h">
      <Filter>Header Files</Filter>
    </ClInclude>
  </ItemGroup>
</Project>